
Microsoft Visual Studio Solution File, Format Version 12.00
# Visual Studio 15
VisualStudioVersion = 15.0.28307.572
MinimumVisualStudioVersion = 10.0.40219.1
Project("{FAE04EC0-301F-11D3-BF4B-00C04F79EFBC}") = "PUNTO1", "PUNTO1\PUNTO1.csproj", "{23C5A326-0340-4BD6-9A84-3907181A5C71}"
EndProject
Project("{FAE04EC0-301F-11D3-BF4B-00C04F79EFBC}") = "PUNTO 3", "PUNTO 3\PUNTO 3.csproj", "{7159E555-1E72-47C1-9672-DCE928F95A43}"
EndProject
Global
	GlobalSection(SolutionConfigurationPlatforms) = preSolution
		Debug|Any CPU = Debug|Any CPU
		Release|Any CPU = Release|Any CPU
	EndGlobalSection
	GlobalSection(ProjectConfigurationPlatforms) = postSolution
		{23C5A326-0340-4BD6-9A84-3907181A5C71}.Debug|Any CPU.ActiveCfg = Debug|Any CPU
		{23C5A326-0340-4BD6-9A84-3907181A5C71}.Debug|Any CPU.Build.0 = Debug|Any CPU
		{23C5A326-0340-4BD6-9A84-3907181A5C71}.Release|Any CPU.ActiveCfg = Release|Any CPU
		{23C5A326-0340-4BD6-9A84-3907181A5C71}.Release|Any CPU.Build.0 = Release|Any CPU
		{7159E555-1E72-47C1-9672-DCE928F95A43}.Debug|Any CPU.ActiveCfg = Debug|Any CPU
		{7159E555-1E72-47C1-9672-DCE928F95A43}.Debug|Any CPU.Build.0 = Debug|Any CPU
		{7159E555-1E72-47C1-9672-DCE928F95A43}.Release|Any CPU.ActiveCfg = Release|Any CPU
		{7159E555-1E72-47C1-9672-DCE928F95A43}.Release|Any CPU.Build.0 = Release|Any CPU
	EndGlobalSection
	GlobalSection(SolutionProperties) = preSolution
		HideSolutionNode = FALSE
	EndGlobalSection
	GlobalSection(ExtensibilityGlobals) = postSolution
		SolutionGuid = {CAD48C47-6FE3-4161-B3D3-3F09FFDB6A64}
	EndGlobalSection
EndGlobal
